
Microsoft Visual Studio Solution File, Format Version 12.00
# Visual Studio Version 17
VisualStudioVersion = 17.5.002.0
MinimumVisualStudioVersion = 10.0.40219.1
Project("{2150E333-8FDC-42A3-9474-1A3956D46DE8}") = "src", "src", "{E6B36B1F-04FE-4824-98B9-9BB00D985B7E}"
EndProject
Project("{9A19103F-16F7-4668-BE54-9A1E7A4F7556}") = "Rag.Db.Api", "src\Rag.Db.Api\Rag.Db.Api.csproj", "{6412100F-C4C2-4971-BFF0-507B812BDD54}"
EndProject
Project("{9A19103F-16F7-4668-BE54-9A1E7A4F7556}") = "Rag.Common", "src\Rag.Common\Rag.Common.csproj", "{00567A9E-ED59-40C2-BF7E-ACA0297F3CCA}"
EndProject
Project("{9A19103F-16F7-4668-BE54-9A1E7A4F7556}") = "Rag.Doc.Api", "src\Rag.Doc.Api\Rag.Doc.Api.csproj", "{D5852373-E03D-4811-B7D8-B700DFBE64ED}"
EndProject
Global
	GlobalSection(SolutionConfigurationPlatforms) = preSolution
		Debug|Any CPU = Debug|Any CPU
		Release|Any CPU = Release|Any CPU
	EndGlobalSection
	GlobalSection(ProjectConfigurationPlatforms) = postSolution
		{6412100F-C4C2-4971-BFF0-507B812BDD54}.Debug|Any CPU.ActiveCfg = Debug|Any CPU
		{6412100F-C4C2-4971-BFF0-507B812BDD54}.Debug|Any CPU.Build.0 = Debug|Any CPU
		{6412100F-C4C2-4971-BFF0-507B812BDD54}.Release|Any CPU.ActiveCfg = Release|Any CPU
		{6412100F-C4C2-4971-BFF0-507B812BDD54}.Release|Any CPU.Build.0 = Release|Any CPU
		{00567A9E-ED59-40C2-BF7E-ACA0297F3CCA}.Debug|Any CPU.ActiveCfg = Debug|Any CPU
		{00567A9E-ED59-40C2-BF7E-ACA0297F3CCA}.Debug|Any CPU.Build.0 = Debug|Any CPU
		{00567A9E-ED59-40C2-BF7E-ACA0297F3CCA}.Release|Any CPU.ActiveCfg = Release|Any CPU
		{00567A9E-ED59-40C2-BF7E-ACA0297F3CCA}.Release|Any CPU.Build.0 = Release|Any CPU
		{D5852373-E03D-4811-B7D8-B700DFBE64ED}.Debug|Any CPU.ActiveCfg = Debug|Any CPU
		{D5852373-E03D-4811-B7D8-B700DFBE64ED}.Debug|Any CPU.Build.0 = Debug|Any CPU
		{D5852373-E03D-4811-B7D8-B700DFBE64ED}.Release|Any CPU.ActiveCfg = Release|Any CPU
		{D5852373-E03D-4811-B7D8-B700DFBE64ED}.Release|Any CPU.Build.0 = Release|Any CPU
	EndGlobalSection
	GlobalSection(SolutionProperties) = preSolution
		HideSolutionNode = FALSE
	EndGlobalSection
	GlobalSection(NestedProjects) = preSolution
		{6412100F-C4C2-4971-BFF0-507B812BDD54} = {E6B36B1F-04FE-4824-98B9-9BB00D985B7E}
		{00567A9E-ED59-40C2-BF7E-ACA0297F3CCA} = {E6B36B1F-04FE-4824-98B9-9BB00D985B7E}
		{D5852373-E03D-4811-B7D8-B700DFBE64ED} = {E6B36B1F-04FE-4824-98B9-9BB00D985B7E}
	EndGlobalSection
	GlobalSection(ExtensibilityGlobals) = postSolution
		SolutionGuid = {F296E7B2-5884-4354-ABC4-6428271C630E}
	EndGlobalSection
EndGlobal
