
Microsoft Visual Studio Solution File, Format Version 12.00
# Visual Studio Version 17
VisualStudioVersion = 17.5.002.0
MinimumVisualStudioVersion = 10.0.40219.1
Project("{2150E333-8FDC-42A3-9474-1A3956D46DE8}") = "src", "src", "{80670FF0-99A9-44B2-A0AC-4A9DCBEAB37C}"
EndProject
Project("{9A19103F-16F7-4668-BE54-9A1E7A4F7556}") = "Rag.Db.Api", "src\Rag.Db.Api\Rag.Db.Api.csproj", "{EF26B6AF-5770-40E9-8219-BFA5CF0A1B04}"
EndProject
Project("{9A19103F-16F7-4668-BE54-9A1E7A4F7556}") = "Rag.Common", "src\Rag.Common\Rag.Common.csproj", "{F2168DA7-ED0F-4445-ABE2-56FBD92A39AC}"
EndProject
Project("{9A19103F-16F7-4668-BE54-9A1E7A4F7556}") = "Rag.Doc.Api", "src\Rag.Doc.Api\Rag.Doc.Api.csproj", "{AA7722AA-B64A-44A0-90C6-1AFBB8C5BD8B}"
EndProject
Global
	GlobalSection(SolutionConfigurationPlatforms) = preSolution
		Debug|Any CPU = Debug|Any CPU
		Release|Any CPU = Release|Any CPU
	EndGlobalSection
	GlobalSection(ProjectConfigurationPlatforms) = postSolution
		{EF26B6AF-5770-40E9-8219-BFA5CF0A1B04}.Debug|Any CPU.ActiveCfg = Debug|Any CPU
		{EF26B6AF-5770-40E9-8219-BFA5CF0A1B04}.Debug|Any CPU.Build.0 = Debug|Any CPU
		{EF26B6AF-5770-40E9-8219-BFA5CF0A1B04}.Release|Any CPU.ActiveCfg = Release|Any CPU
		{EF26B6AF-5770-40E9-8219-BFA5CF0A1B04}.Release|Any CPU.Build.0 = Release|Any CPU
		{F2168DA7-ED0F-4445-ABE2-56FBD92A39AC}.Debug|Any CPU.ActiveCfg = Debug|Any CPU
		{F2168DA7-ED0F-4445-ABE2-56FBD92A39AC}.Debug|Any CPU.Build.0 = Debug|Any CPU
		{F2168DA7-ED0F-4445-ABE2-56FBD92A39AC}.Release|Any CPU.ActiveCfg = Release|Any CPU
		{F2168DA7-ED0F-4445-ABE2-56FBD92A39AC}.Release|Any CPU.Build.0 = Release|Any CPU
		{AA7722AA-B64A-44A0-90C6-1AFBB8C5BD8B}.Debug|Any CPU.ActiveCfg = Debug|Any CPU
		{AA7722AA-B64A-44A0-90C6-1AFBB8C5BD8B}.Debug|Any CPU.Build.0 = Debug|Any CPU
		{AA7722AA-B64A-44A0-90C6-1AFBB8C5BD8B}.Release|Any CPU.ActiveCfg = Release|Any CPU
		{AA7722AA-B64A-44A0-90C6-1AFBB8C5BD8B}.Release|Any CPU.Build.0 = Release|Any CPU
	EndGlobalSection
	GlobalSection(SolutionProperties) = preSolution
		HideSolutionNode = FALSE
	EndGlobalSection
	GlobalSection(NestedProjects) = preSolution
		{EF26B6AF-5770-40E9-8219-BFA5CF0A1B04} = {80670FF0-99A9-44B2-A0AC-4A9DCBEAB37C}
		{F2168DA7-ED0F-4445-ABE2-56FBD92A39AC} = {80670FF0-99A9-44B2-A0AC-4A9DCBEAB37C}
		{AA7722AA-B64A-44A0-90C6-1AFBB8C5BD8B} = {80670FF0-99A9-44B2-A0AC-4A9DCBEAB37C}
	EndGlobalSection
	GlobalSection(ExtensibilityGlobals) = postSolution
		SolutionGuid = {5240F887-4E81-45A4-ACBF-139BAB176010}
	EndGlobalSection
EndGlobal
